// !$*UTF8*$!
{
	archiveVersion = 1;
	classes = {
	};
	objectVersion = 56;
	objects = {

/* Begin PBXBuildFile section */
		B7419745298AE10B004F38F9 /* CatalogueErrorViewSnapshotTests.swift in Sources */ = {isa = PBXBuildFile; fileRef = B7419744298AE10B004F38F9 /* CatalogueErrorViewSnapshotTests.swift */; };
		B7419749298AE440004F38F9 /* SnapshotTesting in Frameworks */ = {isa = PBXBuildFile; productRef = B7419748298AE440004F38F9 /* SnapshotTesting */; };
		B741974F298AF0A4004F38F9 /* AnimatableOpacityContainerView.swift in Sources */ = {isa = PBXBuildFile; fileRef = B741974E298AF0A4004F38F9 /* AnimatableOpacityContainerView.swift */; };
		B7419756298BC005004F38F9 /* LoaderSnapshotTests.swift in Sources */ = {isa = PBXBuildFile; fileRef = B7419755298BC005004F38F9 /* LoaderSnapshotTests.swift */; };
		B7419758298BC8B8004F38F9 /* CatalogueLoadingViewSnapshotTests.swift in Sources */ = {isa = PBXBuildFile; fileRef = B7419757298BC8B8004F38F9 /* CatalogueLoadingViewSnapshotTests.swift */; };
		B76DAF6F29891D0D003C4099 /* NetworkServiceTests.swift in Sources */ = {isa = PBXBuildFile; fileRef = B76DAF6E29891D0D003C4099 /* NetworkServiceTests.swift */; };
		B76DAF7529891E37003C4099 /* DataServiceProtocol.swift in Sources */ = {isa = PBXBuildFile; fileRef = B76DAF7429891E37003C4099 /* DataServiceProtocol.swift */; };
		B76DAF7729891FC5003C4099 /* NetworkService.swift in Sources */ = {isa = PBXBuildFile; fileRef = B76DAF7629891FC5003C4099 /* NetworkService.swift */; };
		B76DAF79298934C1003C4099 /* CatalogModelTests.swift in Sources */ = {isa = PBXBuildFile; fileRef = B76DAF78298934C1003C4099 /* CatalogModelTests.swift */; };
		B76DAF7B2989374A003C4099 /* CatalogueModel.swift in Sources */ = {isa = PBXBuildFile; fileRef = B76DAF7A2989374A003C4099 /* CatalogueModel.swift */; };
		B76DAF8029896513003C4099 /* NetworkError.swift in Sources */ = {isa = PBXBuildFile; fileRef = B76DAF7F29896513003C4099 /* NetworkError.swift */; };
		B76DAF822989700E003C4099 /* Localizable.strings in Resources */ = {isa = PBXBuildFile; fileRef = B76DAF812989700E003C4099 /* Localizable.strings */; };
		B76DAF85298970CB003C4099 /* Localization.swift in Sources */ = {isa = PBXBuildFile; fileRef = B76DAF84298970CB003C4099 /* Localization.swift */; };
		B76DAF87298972B2003C4099 /* CatalogueScreenViewModelTests.swift in Sources */ = {isa = PBXBuildFile; fileRef = B76DAF86298972B2003C4099 /* CatalogueScreenViewModelTests.swift */; };
		B76DAF8A29897496003C4099 /* CatalogueScreenType.swift in Sources */ = {isa = PBXBuildFile; fileRef = B76DAF8929897496003C4099 /* CatalogueScreenType.swift */; };
		B76DAF8D29897657003C4099 /* CatalogueScreenViewModel.swift in Sources */ = {isa = PBXBuildFile; fileRef = B76DAF8C29897657003C4099 /* CatalogueScreenViewModel.swift */; };
		B76DAF92298A95F1003C4099 /* ViewModelsFactory.swift in Sources */ = {isa = PBXBuildFile; fileRef = B76DAF91298A95F1003C4099 /* ViewModelsFactory.swift */; };
		B76DAF95298A980E003C4099 /* Color+Ex.swift in Sources */ = {isa = PBXBuildFile; fileRef = B76DAF94298A980E003C4099 /* Color+Ex.swift */; };
		B76DAF97298A98EF003C4099 /* CatalogueLoadingView.swift in Sources */ = {isa = PBXBuildFile; fileRef = B76DAF96298A98EF003C4099 /* CatalogueLoadingView.swift */; };
		B76DAF99298A9F73003C4099 /* LoadingIndicator.swift in Sources */ = {isa = PBXBuildFile; fileRef = B76DAF98298A9F73003C4099 /* LoadingIndicator.swift */; };
		B76DAF9B298AAB9E003C4099 /* CatalogueErrorView.swift in Sources */ = {isa = PBXBuildFile; fileRef = B76DAF9A298AAB9E003C4099 /* CatalogueErrorView.swift */; };
		B76DAF9D298AB62B003C4099 /* MockNetworkService.swift in Sources */ = {isa = PBXBuildFile; fileRef = B76DAF9C298AB62B003C4099 /* MockNetworkService.swift */; };
		B77A2D582987F380006FF457 /* CabifyChallengeApp.swift in Sources */ = {isa = PBXBuildFile; fileRef = B77A2D572987F380006FF457 /* CabifyChallengeApp.swift */; };
		B77A2D5A2987F380006FF457 /* CatalogueView.swift in Sources */ = {isa = PBXBuildFile; fileRef = B77A2D592987F380006FF457 /* CatalogueView.swift */; };
		B77A2D5C2987F381006FF457 /* Assets.xcassets in Resources */ = {isa = PBXBuildFile; fileRef = B77A2D5B2987F381006FF457 /* Assets.xcassets */; };
		B77A2D692987F382006FF457 /* ProductModelTests.swift in Sources */ = {isa = PBXBuildFile; fileRef = B77A2D682987F382006FF457 /* ProductModelTests.swift */; };
		B77A2D732987F382006FF457 /* CabifyChallengeUITests.swift in Sources */ = {isa = PBXBuildFile; fileRef = B77A2D722987F382006FF457 /* CabifyChallengeUITests.swift */; };
		B77A2D752987F382006FF457 /* CabifyChallengeUITestsLaunchTests.swift in Sources */ = {isa = PBXBuildFile; fileRef = B77A2D742987F382006FF457 /* CabifyChallengeUITestsLaunchTests.swift */; };
		B77A2D822987F3A4006FF457 /* ProductModel.swift in Sources */ = {isa = PBXBuildFile; fileRef = B77A2D812987F3A4006FF457 /* ProductModel.swift */; };
		B7868052298C04BD003819CA /* NetworkErrorTests.swift in Sources */ = {isa = PBXBuildFile; fileRef = B7868051298C04BD003819CA /* NetworkErrorTests.swift */; };
		B7868054298C0749003819CA /* CatalogueProductsView.swift in Sources */ = {isa = PBXBuildFile; fileRef = B7868053298C0749003819CA /* CatalogueProductsView.swift */; };
		B7868056298C08BD003819CA /* MocksFactory.swift in Sources */ = {isa = PBXBuildFile; fileRef = B7868055298C08BD003819CA /* MocksFactory.swift */; };
		B786805B298C1520003819CA /* ProductRow.swift in Sources */ = {isa = PBXBuildFile; fileRef = B786805A298C1520003819CA /* ProductRow.swift */; };
		B7868060298C2E93003819CA /* ProductRowViewModel.swift in Sources */ = {isa = PBXBuildFile; fileRef = B786805F298C2E93003819CA /* ProductRowViewModel.swift */; };
		B7868063298C2EB4003819CA /* ProductRowType.swift in Sources */ = {isa = PBXBuildFile; fileRef = B7868062298C2EB4003819CA /* ProductRowType.swift */; };
		B7868067298C2F96003819CA /* ProductRowViewModelTests.swift in Sources */ = {isa = PBXBuildFile; fileRef = B7868066298C2F96003819CA /* ProductRowViewModelTests.swift */; };
		B7868069298D23AC003819CA /* CartControl.swift in Sources */ = {isa = PBXBuildFile; fileRef = B7868068298D23AC003819CA /* CartControl.swift */; };
		B786806C298D387E003819CA /* CartControlSnapshotTests.swift in Sources */ = {isa = PBXBuildFile; fileRef = B786806B298D387E003819CA /* CartControlSnapshotTests.swift */; };
		B786806F298D4B1E003819CA /* PriceFormatter.swift in Sources */ = {isa = PBXBuildFile; fileRef = B786806E298D4B1E003819CA /* PriceFormatter.swift */; };
		B7868071298D525D003819CA /* SpecialOfferBadgeView.swift in Sources */ = {isa = PBXBuildFile; fileRef = B7868070298D525D003819CA /* SpecialOfferBadgeView.swift */; };
		B7868073298D5428003819CA /* SpecialOfferBadgeViewSnapshotTests.swift in Sources */ = {isa = PBXBuildFile; fileRef = B7868072298D5428003819CA /* SpecialOfferBadgeViewSnapshotTests.swift */; };
		B786807A298D6E68003819CA /* CheckoutServiceType.swift in Sources */ = {isa = PBXBuildFile; fileRef = B7868079298D6E68003819CA /* CheckoutServiceType.swift */; };
		B786807E298D6FDB003819CA /* CheckoutServiceTests.swift in Sources */ = {isa = PBXBuildFile; fileRef = B786807D298D6FDB003819CA /* CheckoutServiceTests.swift */; };
		B7868081298D717F003819CA /* CheckoutService.swift in Sources */ = {isa = PBXBuildFile; fileRef = B7868080298D717F003819CA /* CheckoutService.swift */; };
		B7868083298D755C003819CA /* CheckoutView.swift in Sources */ = {isa = PBXBuildFile; fileRef = B7868082298D755C003819CA /* CheckoutView.swift */; };
		B786D0E9298EACB5001E1F39 /* DiscountTypeTests.swift in Sources */ = {isa = PBXBuildFile; fileRef = B786D0E8298EACB5001E1F39 /* DiscountTypeTests.swift */; };
		B786D0ED298FDC8F001E1F39 /* Discountable.swift in Sources */ = {isa = PBXBuildFile; fileRef = B786D0EC298FDC8F001E1F39 /* Discountable.swift */; };
		B786D0EF298FDCAA001E1F39 /* DiscountResult.swift in Sources */ = {isa = PBXBuildFile; fileRef = B786D0EE298FDCAA001E1F39 /* DiscountResult.swift */; };
		B786D0F1298FDCC9001E1F39 /* DiscountService.swift in Sources */ = {isa = PBXBuildFile; fileRef = B786D0F0298FDCC9001E1F39 /* DiscountService.swift */; };
		B786D0F3298FDEB9001E1F39 /* DiscountType.swift in Sources */ = {isa = PBXBuildFile; fileRef = B786D0F2298FDEB9001E1F39 /* DiscountType.swift */; };
		B786D0F5298FE24A001E1F39 /* DiscountServiceTests.swift in Sources */ = {isa = PBXBuildFile; fileRef = B786D0F4298FE24A001E1F39 /* DiscountServiceTests.swift */; };
		B7FF11BB29900BC3002818A5 /* ProductRowsSnapshotTests.swift in Sources */ = {isa = PBXBuildFile; fileRef = B7FF11BA29900BC3002818A5 /* ProductRowsSnapshotTests.swift */; };
		B7FF11BE29910988002818A5 /* CatalogueProductsScreenType.swift in Sources */ = {isa = PBXBuildFile; fileRef = B7FF11BD29910988002818A5 /* CatalogueProductsScreenType.swift */; };
		B7FF11C129910A61002818A5 /* CatalogueProductsScreenViewModel.swift in Sources */ = {isa = PBXBuildFile; fileRef = B7FF11C029910A61002818A5 /* CatalogueProductsScreenViewModel.swift */; };
		B7FF11C3299112D2002818A5 /* CartItem.swift in Sources */ = {isa = PBXBuildFile; fileRef = B7FF11C2299112D2002818A5 /* CartItem.swift */; };
		B7FF11C62991185F002818A5 /* CartItemTests.swift in Sources */ = {isa = PBXBuildFile; fileRef = B7FF11C52991185F002818A5 /* CartItemTests.swift */; };
		B7FF11C929916514002818A5 /* CheckoutItem.swift in Sources */ = {isa = PBXBuildFile; fileRef = B7FF11C829916514002818A5 /* CheckoutItem.swift */; };
		B7FF11CB29916BD2002818A5 /* CheckoutViewModelType.swift in Sources */ = {isa = PBXBuildFile; fileRef = B7FF11CA29916BD2002818A5 /* CheckoutViewModelType.swift */; };
		B7FF11CE29916C82002818A5 /* CheckoutViewModel.swift in Sources */ = {isa = PBXBuildFile; fileRef = B7FF11CD29916C82002818A5 /* CheckoutViewModel.swift */; };
		B7FF11D0299278E3002818A5 /* CatalogueProductsScreenViewModelTests.swift in Sources */ = {isa = PBXBuildFile; fileRef = B7FF11CF299278E3002818A5 /* CatalogueProductsScreenViewModelTests.swift */; };
		B7FF11D22992805C002818A5 /* CheckoutViewModelTests.swift in Sources */ = {isa = PBXBuildFile; fileRef = B7FF11D12992805C002818A5 /* CheckoutViewModelTests.swift */; };
		B7FF11D529929DE6002818A5 /* OrderCompletedView.swift in Sources */ = {isa = PBXBuildFile; fileRef = B7FF11D429929DE6002818A5 /* OrderCompletedView.swift */; };
		B7FF11D72992A25C002818A5 /* PrimaryButton.swift in Sources */ = {isa = PBXBuildFile; fileRef = B7FF11D62992A25C002818A5 /* PrimaryButton.swift */; };
		B7FF11DA2992A9FD002818A5 /* OrderCompletedViewModel.swift in Sources */ = {isa = PBXBuildFile; fileRef = B7FF11D92992A9FD002818A5 /* OrderCompletedViewModel.swift */; };
		B7FF11DC2992AA0D002818A5 /* OrderCompletedType.swift in Sources */ = {isa = PBXBuildFile; fileRef = B7FF11DB2992AA0D002818A5 /* OrderCompletedType.swift */; };
		B7FF11DF2992AAE9002818A5 /* OrderEmpjiType.swift in Sources */ = {isa = PBXBuildFile; fileRef = B7FF11DE2992AAE9002818A5 /* OrderEmpjiType.swift */; };
		B7FF11E32992B134002818A5 /* OrderEmojiTypeTests.swift in Sources */ = {isa = PBXBuildFile; fileRef = B7FF11E22992B134002818A5 /* OrderEmojiTypeTests.swift */; };
		B7FF11E92992B4A3002818A5 /* OrderCompletedViewModelTests.swift in Sources */ = {isa = PBXBuildFile; fileRef = B7FF11E82992B4A3002818A5 /* OrderCompletedViewModelTests.swift */; };
		B7FF11ED2992CB99002818A5 /* Snapshotable.swift in Sources */ = {isa = PBXBuildFile; fileRef = B7FF11EC2992CB99002818A5 /* Snapshotable.swift */; };
		B7FF11F02993D37E002818A5 /* CheckoutViewSnapshotTests.swift in Sources */ = {isa = PBXBuildFile; fileRef = B7FF11EF2993D37E002818A5 /* CheckoutViewSnapshotTests.swift */; };
		B7FF11F32993D61C002818A5 /* OrderCompletedScreenSnapshotTests.swift in Sources */ = {isa = PBXBuildFile; fileRef = B7FF11F22993D61C002818A5 /* OrderCompletedScreenSnapshotTests.swift */; };
/* End PBXBuildFile section */

/* Begin PBXContainerItemProxy section */
		B77A2D652987F382006FF457 /* PBXContainerItemProxy */ = {
			isa = PBXContainerItemProxy;
			containerPortal = B77A2D4C2987F380006FF457 /* Project object */;
			proxyType = 1;
			remoteGlobalIDString = B77A2D532987F380006FF457;
			remoteInfo = CabifyChallenge;
		};
		B77A2D6F2987F382006FF457 /* PBXContainerItemProxy */ = {
			isa = PBXContainerItemProxy;
			containerPortal = B77A2D4C2987F380006FF457 /* Project object */;
			proxyType = 1;
			remoteGlobalIDString = B77A2D532987F380006FF457;
			remoteInfo = CabifyChallenge;
		};
/* End PBXContainerItemProxy section */

/* Begin PBXFileReference section */
		B7419744298AE10B004F38F9 /* CatalogueErrorViewSnapshotTests.swift */ = {isa = PBXFileReference; lastKnownFileType = sourcecode.swift; path = CatalogueErrorViewSnapshotTests.swift; sourceTree = "<group>"; };
		B741974E298AF0A4004F38F9 /* AnimatableOpacityContainerView.swift */ = {isa = PBXFileReference; lastKnownFileType = sourcecode.swift; path = AnimatableOpacityContainerView.swift; sourceTree = "<group>"; };
		B7419755298BC005004F38F9 /* LoaderSnapshotTests.swift */ = {isa = PBXFileReference; lastKnownFileType = sourcecode.swift; path = LoaderSnapshotTests.swift; sourceTree = "<group>"; };
		B7419757298BC8B8004F38F9 /* CatalogueLoadingViewSnapshotTests.swift */ = {isa = PBXFileReference; lastKnownFileType = sourcecode.swift; path = CatalogueLoadingViewSnapshotTests.swift; sourceTree = "<group>"; };
		B76DAF6E29891D0D003C4099 /* NetworkServiceTests.swift */ = {isa = PBXFileReference; lastKnownFileType = sourcecode.swift; path = NetworkServiceTests.swift; sourceTree = "<group>"; };
		B76DAF7429891E37003C4099 /* DataServiceProtocol.swift */ = {isa = PBXFileReference; lastKnownFileType = sourcecode.swift; path = DataServiceProtocol.swift; sourceTree = "<group>"; };
		B76DAF7629891FC5003C4099 /* NetworkService.swift */ = {isa = PBXFileReference; lastKnownFileType = sourcecode.swift; path = NetworkService.swift; sourceTree = "<group>"; };
		B76DAF78298934C1003C4099 /* CatalogModelTests.swift */ = {isa = PBXFileReference; lastKnownFileType = sourcecode.swift; path = CatalogModelTests.swift; sourceTree = "<group>"; };
		B76DAF7A2989374A003C4099 /* CatalogueModel.swift */ = {isa = PBXFileReference; lastKnownFileType = sourcecode.swift; path = CatalogueModel.swift; sourceTree = "<group>"; };
		B76DAF7F29896513003C4099 /* NetworkError.swift */ = {isa = PBXFileReference; lastKnownFileType = sourcecode.swift; path = NetworkError.swift; sourceTree = "<group>"; };
		B76DAF812989700E003C4099 /* Localizable.strings */ = {isa = PBXFileReference; lastKnownFileType = text.plist.strings; path = Localizable.strings; sourceTree = "<group>"; };
		B76DAF84298970CB003C4099 /* Localization.swift */ = {isa = PBXFileReference; lastKnownFileType = sourcecode.swift; path = Localization.swift; sourceTree = "<group>"; };
		B76DAF86298972B2003C4099 /* CatalogueScreenViewModelTests.swift */ = {isa = PBXFileReference; lastKnownFileType = sourcecode.swift; path = CatalogueScreenViewModelTests.swift; sourceTree = "<group>"; };
		B76DAF8929897496003C4099 /* CatalogueScreenType.swift */ = {isa = PBXFileReference; lastKnownFileType = sourcecode.swift; path = CatalogueScreenType.swift; sourceTree = "<group>"; };
		B76DAF8C29897657003C4099 /* CatalogueScreenViewModel.swift */ = {isa = PBXFileReference; lastKnownFileType = sourcecode.swift; path = CatalogueScreenViewModel.swift; sourceTree = "<group>"; };
		B76DAF91298A95F1003C4099 /* ViewModelsFactory.swift */ = {isa = PBXFileReference; lastKnownFileType = sourcecode.swift; path = ViewModelsFactory.swift; sourceTree = "<group>"; };
		B76DAF94298A980E003C4099 /* Color+Ex.swift */ = {isa = PBXFileReference; lastKnownFileType = sourcecode.swift; path = "Color+Ex.swift"; sourceTree = "<group>"; };
		B76DAF96298A98EF003C4099 /* CatalogueLoadingView.swift */ = {isa = PBXFileReference; lastKnownFileType = sourcecode.swift; path = CatalogueLoadingView.swift; sourceTree = "<group>"; };
		B76DAF98298A9F73003C4099 /* LoadingIndicator.swift */ = {isa = PBXFileReference; lastKnownFileType = sourcecode.swift; path = LoadingIndicator.swift; sourceTree = "<group>"; };
		B76DAF9A298AAB9E003C4099 /* CatalogueErrorView.swift */ = {isa = PBXFileReference; lastKnownFileType = sourcecode.swift; path = CatalogueErrorView.swift; sourceTree = "<group>"; };
		B76DAF9C298AB62B003C4099 /* MockNetworkService.swift */ = {isa = PBXFileReference; lastKnownFileType = sourcecode.swift; path = MockNetworkService.swift; sourceTree = "<group>"; };
		B77A2D542987F380006FF457 /* CabifyChallenge.app */ = {isa = PBXFileReference; explicitFileType = wrapper.application; includeInIndex = 0; path = CabifyChallenge.app; sourceTree = BUILT_PRODUCTS_DIR; };
		B77A2D572987F380006FF457 /* CabifyChallengeApp.swift */ = {isa = PBXFileReference; lastKnownFileType = sourcecode.swift; path = CabifyChallengeApp.swift; sourceTree = "<group>"; };
		B77A2D592987F380006FF457 /* CatalogueView.swift */ = {isa = PBXFileReference; lastKnownFileType = sourcecode.swift; path = CatalogueView.swift; sourceTree = "<group>"; };
		B77A2D5B2987F381006FF457 /* Assets.xcassets */ = {isa = PBXFileReference; lastKnownFileType = folder.assetcatalog; path = Assets.xcassets; sourceTree = "<group>"; };
		B77A2D642987F382006FF457 /* CabifyChallengeTests.xctest */ = {isa = PBXFileReference; explicitFileType = wrapper.cfbundle; includeInIndex = 0; path = CabifyChallengeTests.xctest; sourceTree = BUILT_PRODUCTS_DIR; };
		B77A2D682987F382006FF457 /* ProductModelTests.swift */ = {isa = PBXFileReference; lastKnownFileType = sourcecode.swift; path = ProductModelTests.swift; sourceTree = "<group>"; };
		B77A2D6E2987F382006FF457 /* CabifyChallengeUITests.xctest */ = {isa = PBXFileReference; explicitFileType = wrapper.cfbundle; includeInIndex = 0; path = CabifyChallengeUITests.xctest; sourceTree = BUILT_PRODUCTS_DIR; };
		B77A2D722987F382006FF457 /* CabifyChallengeUITests.swift */ = {isa = PBXFileReference; lastKnownFileType = sourcecode.swift; path = CabifyChallengeUITests.swift; sourceTree = "<group>"; };
		B77A2D742987F382006FF457 /* CabifyChallengeUITestsLaunchTests.swift */ = {isa = PBXFileReference; lastKnownFileType = sourcecode.swift; path = CabifyChallengeUITestsLaunchTests.swift; sourceTree = "<group>"; };
		B77A2D812987F3A4006FF457 /* ProductModel.swift */ = {isa = PBXFileReference; lastKnownFileType = sourcecode.swift; path = ProductModel.swift; sourceTree = "<group>"; };
		B7868051298C04BD003819CA /* NetworkErrorTests.swift */ = {isa = PBXFileReference; lastKnownFileType = sourcecode.swift; path = NetworkErrorTests.swift; sourceTree = "<group>"; };
		B7868053298C0749003819CA /* CatalogueProductsView.swift */ = {isa = PBXFileReference; lastKnownFileType = sourcecode.swift; path = CatalogueProductsView.swift; sourceTree = "<group>"; };
		B7868055298C08BD003819CA /* MocksFactory.swift */ = {isa = PBXFileReference; lastKnownFileType = sourcecode.swift; path = MocksFactory.swift; sourceTree = "<group>"; };
		B786805A298C1520003819CA /* ProductRow.swift */ = {isa = PBXFileReference; lastKnownFileType = sourcecode.swift; path = ProductRow.swift; sourceTree = "<group>"; };
		B786805F298C2E93003819CA /* ProductRowViewModel.swift */ = {isa = PBXFileReference; lastKnownFileType = sourcecode.swift; path = ProductRowViewModel.swift; sourceTree = "<group>"; };
		B7868062298C2EB4003819CA /* ProductRowType.swift */ = {isa = PBXFileReference; lastKnownFileType = sourcecode.swift; path = ProductRowType.swift; sourceTree = "<group>"; };
		B7868066298C2F96003819CA /* ProductRowViewModelTests.swift */ = {isa = PBXFileReference; lastKnownFileType = sourcecode.swift; path = ProductRowViewModelTests.swift; sourceTree = "<group>"; };
		B7868068298D23AC003819CA /* CartControl.swift */ = {isa = PBXFileReference; lastKnownFileType = sourcecode.swift; path = CartControl.swift; sourceTree = "<group>"; };
		B786806B298D387E003819CA /* CartControlSnapshotTests.swift */ = {isa = PBXFileReference; lastKnownFileType = sourcecode.swift; path = CartControlSnapshotTests.swift; sourceTree = "<group>"; };
		B786806E298D4B1E003819CA /* PriceFormatter.swift */ = {isa = PBXFileReference; lastKnownFileType = sourcecode.swift; path = PriceFormatter.swift; sourceTree = "<group>"; };
		B7868070298D525D003819CA /* SpecialOfferBadgeView.swift */ = {isa = PBXFileReference; lastKnownFileType = sourcecode.swift; path = SpecialOfferBadgeView.swift; sourceTree = "<group>"; };
		B7868072298D5428003819CA /* SpecialOfferBadgeViewSnapshotTests.swift */ = {isa = PBXFileReference; lastKnownFileType = sourcecode.swift; path = SpecialOfferBadgeViewSnapshotTests.swift; sourceTree = "<group>"; };
		B7868079298D6E68003819CA /* CheckoutServiceType.swift */ = {isa = PBXFileReference; lastKnownFileType = sourcecode.swift; path = CheckoutServiceType.swift; sourceTree = "<group>"; };
		B786807D298D6FDB003819CA /* CheckoutServiceTests.swift */ = {isa = PBXFileReference; lastKnownFileType = sourcecode.swift; path = CheckoutServiceTests.swift; sourceTree = "<group>"; };
		B7868080298D717F003819CA /* CheckoutService.swift */ = {isa = PBXFileReference; lastKnownFileType = sourcecode.swift; path = CheckoutService.swift; sourceTree = "<group>"; };
		B7868082298D755C003819CA /* CheckoutView.swift */ = {isa = PBXFileReference; lastKnownFileType = sourcecode.swift; path = CheckoutView.swift; sourceTree = "<group>"; };
		B786D0E8298EACB5001E1F39 /* DiscountTypeTests.swift */ = {isa = PBXFileReference; lastKnownFileType = sourcecode.swift; path = DiscountTypeTests.swift; sourceTree = "<group>"; };
		B786D0EC298FDC8F001E1F39 /* Discountable.swift */ = {isa = PBXFileReference; lastKnownFileType = sourcecode.swift; path = Discountable.swift; sourceTree = "<group>"; };
		B786D0EE298FDCAA001E1F39 /* DiscountResult.swift */ = {isa = PBXFileReference; lastKnownFileType = sourcecode.swift; path = DiscountResult.swift; sourceTree = "<group>"; };
		B786D0F0298FDCC9001E1F39 /* DiscountService.swift */ = {isa = PBXFileReference; lastKnownFileType = sourcecode.swift; path = DiscountService.swift; sourceTree = "<group>"; };
		B786D0F2298FDEB9001E1F39 /* DiscountType.swift */ = {isa = PBXFileReference; lastKnownFileType = sourcecode.swift; path = DiscountType.swift; sourceTree = "<group>"; };
		B786D0F4298FE24A001E1F39 /* DiscountServiceTests.swift */ = {isa = PBXFileReference; lastKnownFileType = sourcecode.swift; path = DiscountServiceTests.swift; sourceTree = "<group>"; };
		B7FF11BA29900BC3002818A5 /* ProductRowsSnapshotTests.swift */ = {isa = PBXFileReference; lastKnownFileType = sourcecode.swift; path = ProductRowsSnapshotTests.swift; sourceTree = "<group>"; };
		B7FF11BD29910988002818A5 /* CatalogueProductsScreenType.swift */ = {isa = PBXFileReference; lastKnownFileType = sourcecode.swift; path = CatalogueProductsScreenType.swift; sourceTree = "<group>"; };
		B7FF11C029910A61002818A5 /* CatalogueProductsScreenViewModel.swift */ = {isa = PBXFileReference; lastKnownFileType = sourcecode.swift; path = CatalogueProductsScreenViewModel.swift; sourceTree = "<group>"; };
		B7FF11C2299112D2002818A5 /* CartItem.swift */ = {isa = PBXFileReference; lastKnownFileType = sourcecode.swift; path = CartItem.swift; sourceTree = "<group>"; };
		B7FF11C52991185F002818A5 /* CartItemTests.swift */ = {isa = PBXFileReference; lastKnownFileType = sourcecode.swift; path = CartItemTests.swift; sourceTree = "<group>"; };
		B7FF11C829916514002818A5 /* CheckoutItem.swift */ = {isa = PBXFileReference; lastKnownFileType = sourcecode.swift; path = CheckoutItem.swift; sourceTree = "<group>"; };
		B7FF11CA29916BD2002818A5 /* CheckoutViewModelType.swift */ = {isa = PBXFileReference; lastKnownFileType = sourcecode.swift; path = CheckoutViewModelType.swift; sourceTree = "<group>"; };
		B7FF11CD29916C82002818A5 /* CheckoutViewModel.swift */ = {isa = PBXFileReference; lastKnownFileType = sourcecode.swift; path = CheckoutViewModel.swift; sourceTree = "<group>"; };
		B7FF11CF299278E3002818A5 /* CatalogueProductsScreenViewModelTests.swift */ = {isa = PBXFileReference; lastKnownFileType = sourcecode.swift; path = CatalogueProductsScreenViewModelTests.swift; sourceTree = "<group>"; };
		B7FF11D12992805C002818A5 /* CheckoutViewModelTests.swift */ = {isa = PBXFileReference; lastKnownFileType = sourcecode.swift; path = CheckoutViewModelTests.swift; sourceTree = "<group>"; };
		B7FF11D429929DE6002818A5 /* OrderCompletedView.swift */ = {isa = PBXFileReference; lastKnownFileType = sourcecode.swift; path = OrderCompletedView.swift; sourceTree = "<group>"; };
		B7FF11D62992A25C002818A5 /* PrimaryButton.swift */ = {isa = PBXFileReference; lastKnownFileType = sourcecode.swift; path = PrimaryButton.swift; sourceTree = "<group>"; };
		B7FF11D92992A9FD002818A5 /* OrderCompletedViewModel.swift */ = {isa = PBXFileReference; lastKnownFileType = sourcecode.swift; path = OrderCompletedViewModel.swift; sourceTree = "<group>"; };
		B7FF11DB2992AA0D002818A5 /* OrderCompletedType.swift */ = {isa = PBXFileReference; lastKnownFileType = sourcecode.swift; path = OrderCompletedType.swift; sourceTree = "<group>"; };
		B7FF11DE2992AAE9002818A5 /* OrderEmpjiType.swift */ = {isa = PBXFileReference; lastKnownFileType = sourcecode.swift; path = OrderEmpjiType.swift; sourceTree = "<group>"; };
		B7FF11E22992B134002818A5 /* OrderEmojiTypeTests.swift */ = {isa = PBXFileReference; lastKnownFileType = sourcecode.swift; path = OrderEmojiTypeTests.swift; sourceTree = "<group>"; };
		B7FF11E82992B4A3002818A5 /* OrderCompletedViewModelTests.swift */ = {isa = PBXFileReference; lastKnownFileType = sourcecode.swift; path = OrderCompletedViewModelTests.swift; sourceTree = "<group>"; };
		B7FF11EC2992CB99002818A5 /* Snapshotable.swift */ = {isa = PBXFileReference; lastKnownFileType = sourcecode.swift; path = Snapshotable.swift; sourceTree = "<group>"; };
		B7FF11EF2993D37E002818A5 /* CheckoutViewSnapshotTests.swift */ = {isa = PBXFileReference; lastKnownFileType = sourcecode.swift; path = CheckoutViewSnapshotTests.swift; sourceTree = "<group>"; };
		B7FF11F22993D61C002818A5 /* OrderCompletedScreenSnapshotTests.swift */ = {isa = PBXFileReference; lastKnownFileType = sourcecode.swift; path = OrderCompletedScreenSnapshotTests.swift; sourceTree = "<group>"; };
/* End PBXFileReference section */

/* Begin PBXFrameworksBuildPhase section */
		B77A2D512987F380006FF457 /* Frameworks */ = {
			isa = PBXFrameworksBuildPhase;
			buildActionMask = 2147483647;
			files = (
			);
			runOnlyForDeploymentPostprocessing = 0;
		};
		B77A2D612987F382006FF457 /* Frameworks */ = {
			isa = PBXFrameworksBuildPhase;
			buildActionMask = 2147483647;
			files = (
				B7419749298AE440004F38F9 /* SnapshotTesting in Frameworks */,
			);
			runOnlyForDeploymentPostprocessing = 0;
		};
		B77A2D6B2987F382006FF457 /* Frameworks */ = {
			isa = PBXFrameworksBuildPhase;
			buildActionMask = 2147483647;
			files = (
			);
			runOnlyForDeploymentPostprocessing = 0;
		};
/* End PBXFrameworksBuildPhase section */

/* Begin PBXGroup section */
		B7419746298AE111004F38F9 /* SnapshotTests */ = {
			isa = PBXGroup;
			children = (
				B7FF11EE2993C059002818A5 /* Snapshotable */,
				B7419754298BBFF1004F38F9 /* CommonUI */,
				B741974A298AE4CD004F38F9 /* Catalogue */,
				B7FF11F42993D621002818A5 /* OrderCompleted */,
			);
			path = SnapshotTests;
			sourceTree = "<group>";
		};
		B741974A298AE4CD004F38F9 /* Catalogue */ = {
			isa = PBXGroup;
			children = (
				B7FF11EB2992BA0B002818A5 /* Screens */,
				B786806D298D3889003819CA /* Controls */,
				B7868074298D5536003819CA /* Rows */,
				B7FF11F12993D385002818A5 /* Views */,
			);
			path = Catalogue;
			sourceTree = "<group>";
		};
		B741974B298AEAC6004F38F9 /* Frameworks */ = {
			isa = PBXGroup;
			children = (
			);
			name = Frameworks;
			sourceTree = "<group>";
		};
		B7419754298BBFF1004F38F9 /* CommonUI */ = {
			isa = PBXGroup;
			children = (
				B7419755298BC005004F38F9 /* LoaderSnapshotTests.swift */,
			);
			path = CommonUI;
			sourceTree = "<group>";
		};
		B76DAF7029891DC7003C4099 /* StartUp */ = {
			isa = PBXGroup;
			children = (
				B77A2D572987F380006FF457 /* CabifyChallengeApp.swift */,
			);
			path = StartUp;
			sourceTree = "<group>";
		};
		B76DAF7129891DE3003C4099 /* UI */ = {
			isa = PBXGroup;
			children = (
				B7868058298C14CF003819CA /* Catalogue */,
				B7FF11D82992A80B002818A5 /* OrderCompletion */,
				B7868057298C14BE003819CA /* CommonUI */,
			);
			path = UI;
			sourceTree = "<group>";
		};
		B76DAF7229891E01003C4099 /* Models */ = {
			isa = PBXGroup;
			children = (
				B7FF11E12992B0FD002818A5 /* OrderCompletion */,
				B786D0E5298EAC12001E1F39 /* Server */,
				B7FF11C4299112DE002818A5 /* Cart */,
			);
			path = Models;
			sourceTree = "<group>";
		};
		B76DAF7329891E21003C4099 /* Services */ = {
			isa = PBXGroup;
			children = (
				B7868077298D6975003819CA /* Errors */,
				B786D0EB298FDC7C001E1F39 /* DiscountsService */,
				B7868078298D6980003819CA /* DataService */,
				B786807B298D6F3E003819CA /* CheckoutService */,
			);
			path = Services;
			sourceTree = "<group>";
		};
		B76DAF832989706B003C4099 /* Resources */ = {
			isa = PBXGroup;
			children = (
				B77A2D5B2987F381006FF457 /* Assets.xcassets */,
				B76DAF812989700E003C4099 /* Localizable.strings */,
			);
			path = Resources;
			sourceTree = "<group>";
		};
		B76DAF88298972B8003C4099 /* ViewModelTests */ = {
			isa = PBXGroup;
			children = (
				B7FF11E52992B3E0002818A5 /* Catalogue */,
				B7FF11E62992B3EB002818A5 /* ProductRow */,
				B7FF11E72992B3F7002818A5 /* Checkout */,
				B7FF11EA2992B4A9002818A5 /* OrderCompletion */,
			);
			path = ViewModelTests;
			sourceTree = "<group>";
		};
		B76DAF8B2989762B003C4099 /* ViewModels */ = {
			isa = PBXGroup;
			children = (
				B786805D298C2E32003819CA /* Catalogue */,
				B7FF11DD2992AA19002818A5 /* OrderCompletion */,
			);
			path = ViewModels;
			sourceTree = "<group>";
		};
		B76DAF90298990DC003C4099 /* Utils */ = {
			isa = PBXGroup;
			children = (
				B76DAF94298A980E003C4099 /* Color+Ex.swift */,
				B786806E298D4B1E003819CA /* PriceFormatter.swift */,
				B76DAF84298970CB003C4099 /* Localization.swift */,
			);
			path = Utils;
			sourceTree = "<group>";
		};
		B76DAF93298A95F9003C4099 /* Factories */ = {
			isa = PBXGroup;
			children = (
				B76DAF91298A95F1003C4099 /* ViewModelsFactory.swift */,
				B7868055298C08BD003819CA /* MocksFactory.swift */,
			);
			path = Factories;
			sourceTree = "<group>";
		};
		B77A2D4B2987F380006FF457 = {
			isa = PBXGroup;
			children = (
				B77A2D562987F380006FF457 /* CabifyChallenge */,
				B76DAF832989706B003C4099 /* Resources */,
				B77A2D672987F382006FF457 /* CabifyChallengeTests */,
				B77A2D712987F382006FF457 /* CabifyChallengeUITests */,
				B77A2D552987F380006FF457 /* Products */,
				B741974B298AEAC6004F38F9 /* Frameworks */,
			);
			sourceTree = "<group>";
		};
		B77A2D552987F380006FF457 /* Products */ = {
			isa = PBXGroup;
			children = (
				B77A2D542987F380006FF457 /* CabifyChallenge.app */,
				B77A2D642987F382006FF457 /* CabifyChallengeTests.xctest */,
				B77A2D6E2987F382006FF457 /* CabifyChallengeUITests.xctest */,
			);
			name = Products;
			sourceTree = "<group>";
		};
		B77A2D562987F380006FF457 /* CabifyChallenge */ = {
			isa = PBXGroup;
			children = (
				B76DAF7029891DC7003C4099 /* StartUp */,
				B76DAF7129891DE3003C4099 /* UI */,
				B76DAF7329891E21003C4099 /* Services */,
				B76DAF7229891E01003C4099 /* Models */,
				B76DAF8B2989762B003C4099 /* ViewModels */,
				B76DAF90298990DC003C4099 /* Utils */,
				B76DAF93298A95F9003C4099 /* Factories */,
			);
			path = CabifyChallenge;
			sourceTree = "<group>";
		};
		B77A2D672987F382006FF457 /* CabifyChallengeTests */ = {
			isa = PBXGroup;
			children = (
				B77A2D842988083A006FF457 /* ServicesTests */,
				B77A2D832988082F006FF457 /* ModelTests */,
				B76DAF88298972B8003C4099 /* ViewModelTests */,
				B7419746298AE111004F38F9 /* SnapshotTests */,
			);
			path = CabifyChallengeTests;
			sourceTree = "<group>";
		};
		B77A2D712987F382006FF457 /* CabifyChallengeUITests */ = {
			isa = PBXGroup;
			children = (
				B77A2D722987F382006FF457 /* CabifyChallengeUITests.swift */,
				B77A2D742987F382006FF457 /* CabifyChallengeUITestsLaunchTests.swift */,
			);
			path = CabifyChallengeUITests;
			sourceTree = "<group>";
		};
		B77A2D832988082F006FF457 /* ModelTests */ = {
			isa = PBXGroup;
			children = (
				B786D0E7298EAC5A001E1F39 /* Server */,
				B7FF11C729911864002818A5 /* Cart */,
				B7FF11E42992B3A7002818A5 /* OrderCompletion */,
			);
			path = ModelTests;
			sourceTree = "<group>";
		};
		B77A2D842988083A006FF457 /* ServicesTests */ = {
			isa = PBXGroup;
			children = (
				B786D0EA298EACCA001E1F39 /* DiscountService */,
				B786807C298D6FAD003819CA /* NetworkService */,
				B786807F298D6FE5003819CA /* CheckoutService */,
			);
			path = ServicesTests;
			sourceTree = "<group>";
		};
		B7868057298C14BE003819CA /* CommonUI */ = {
			isa = PBXGroup;
			children = (
				B76DAF98298A9F73003C4099 /* LoadingIndicator.swift */,
				B741974E298AF0A4004F38F9 /* AnimatableOpacityContainerView.swift */,
				B7FF11D62992A25C002818A5 /* PrimaryButton.swift */,
			);
			path = CommonUI;
			sourceTree = "<group>";
		};
		B7868058298C14CF003819CA /* Catalogue */ = {
			isa = PBXGroup;
			children = (
				B7FF11D329929DB2002818A5 /* Screens */,
				B786805C298C1525003819CA /* Rows */,
				B7868085298D7586003819CA /* Views */,
			);
			path = Catalogue;
			sourceTree = "<group>";
		};
		B786805C298C1525003819CA /* Rows */ = {
			isa = PBXGroup;
			children = (
				B786805A298C1520003819CA /* ProductRow.swift */,
				B7868084298D7576003819CA /* Elements */,
			);
			path = Rows;
			sourceTree = "<group>";
		};
		B786805D298C2E32003819CA /* Catalogue */ = {
			isa = PBXGroup;
			children = (
				B786805E298C2E3D003819CA /* Screens */,
				B7868061298C2E9D003819CA /* Rows */,
				B7FF11CC29916BD7002818A5 /* Checkout */,
			);
			path = Catalogue;
			sourceTree = "<group>";
		};
		B786805E298C2E3D003819CA /* Screens */ = {
			isa = PBXGroup;
			children = (
				B7FF11BC29910953002818A5 /* Catalogue */,
				B7FF11BF2991098E002818A5 /* CatalogueProducts */,
			);
			path = Screens;
			sourceTree = "<group>";
		};
		B7868061298C2E9D003819CA /* Rows */ = {
			isa = PBXGroup;
			children = (
				B7868062298C2EB4003819CA /* ProductRowType.swift */,
				B786805F298C2E93003819CA /* ProductRowViewModel.swift */,
			);
			path = Rows;
			sourceTree = "<group>";
		};
		B786806D298D3889003819CA /* Controls */ = {
			isa = PBXGroup;
			children = (
				B786806B298D387E003819CA /* CartControlSnapshotTests.swift */,
			);
			path = Controls;
			sourceTree = "<group>";
		};
		B7868074298D5536003819CA /* Rows */ = {
			isa = PBXGroup;
			children = (
				B7868072298D5428003819CA /* SpecialOfferBadgeViewSnapshotTests.swift */,
				B7FF11BA29900BC3002818A5 /* ProductRowsSnapshotTests.swift */,
			);
			path = Rows;
			sourceTree = "<group>";
		};
		B7868077298D6975003819CA /* Errors */ = {
			isa = PBXGroup;
			children = (
				B76DAF7F29896513003C4099 /* NetworkError.swift */,
			);
			path = Errors;
			sourceTree = "<group>";
		};
		B7868078298D6980003819CA /* DataService */ = {
			isa = PBXGroup;
			children = (
				B76DAF7429891E37003C4099 /* DataServiceProtocol.swift */,
				B76DAF7629891FC5003C4099 /* NetworkService.swift */,
				B76DAF9C298AB62B003C4099 /* MockNetworkService.swift */,
			);
			path = DataService;
			sourceTree = "<group>";
		};
		B786807B298D6F3E003819CA /* CheckoutService */ = {
			isa = PBXGroup;
			children = (
				B7868079298D6E68003819CA /* CheckoutServiceType.swift */,
				B7868080298D717F003819CA /* CheckoutService.swift */,
			);
			path = CheckoutService;
			sourceTree = "<group>";
		};
		B786807C298D6FAD003819CA /* NetworkService */ = {
			isa = PBXGroup;
			children = (
				B76DAF6E29891D0D003C4099 /* NetworkServiceTests.swift */,
				B7868051298C04BD003819CA /* NetworkErrorTests.swift */,
			);
			path = NetworkService;
			sourceTree = "<group>";
		};
		B786807F298D6FE5003819CA /* CheckoutService */ = {
			isa = PBXGroup;
			children = (
				B786807D298D6FDB003819CA /* CheckoutServiceTests.swift */,
			);
			path = CheckoutService;
			sourceTree = "<group>";
		};
		B7868084298D7576003819CA /* Elements */ = {
			isa = PBXGroup;
			children = (
				B7868068298D23AC003819CA /* CartControl.swift */,
				B7868070298D525D003819CA /* SpecialOfferBadgeView.swift */,
			);
			path = Elements;
			sourceTree = "<group>";
		};
		B7868085298D7586003819CA /* Views */ = {
			isa = PBXGroup;
			children = (
				B7868082298D755C003819CA /* CheckoutView.swift */,
			);
			path = Views;
			sourceTree = "<group>";
		};
		B786D0E5298EAC12001E1F39 /* Server */ = {
			isa = PBXGroup;
			children = (
				B76DAF7A2989374A003C4099 /* CatalogueModel.swift */,
				B77A2D812987F3A4006FF457 /* ProductModel.swift */,
			);
			path = Server;
			sourceTree = "<group>";
		};
		B786D0E7298EAC5A001E1F39 /* Server */ = {
			isa = PBXGroup;
			children = (
				B77A2D682987F382006FF457 /* ProductModelTests.swift */,
				B76DAF78298934C1003C4099 /* CatalogModelTests.swift */,
			);
			path = Server;
			sourceTree = "<group>";
		};
		B786D0EA298EACCA001E1F39 /* DiscountService */ = {
			isa = PBXGroup;
			children = (
				B786D0E8298EACB5001E1F39 /* DiscountTypeTests.swift */,
				B786D0F4298FE24A001E1F39 /* DiscountServiceTests.swift */,
			);
			path = DiscountService;
			sourceTree = "<group>";
		};
		B786D0EB298FDC7C001E1F39 /* DiscountsService */ = {
			isa = PBXGroup;
			children = (
				B786D0EC298FDC8F001E1F39 /* Discountable.swift */,
				B786D0EE298FDCAA001E1F39 /* DiscountResult.swift */,
				B786D0F0298FDCC9001E1F39 /* DiscountService.swift */,
				B786D0F2298FDEB9001E1F39 /* DiscountType.swift */,
			);
			path = DiscountsService;
			sourceTree = "<group>";
		};
		B7FF11BC29910953002818A5 /* Catalogue */ = {
			isa = PBXGroup;
			children = (
				B76DAF8929897496003C4099 /* CatalogueScreenType.swift */,
				B76DAF8C29897657003C4099 /* CatalogueScreenViewModel.swift */,
			);
			path = Catalogue;
			sourceTree = "<group>";
		};
		B7FF11BF2991098E002818A5 /* CatalogueProducts */ = {
			isa = PBXGroup;
			children = (
				B7FF11BD29910988002818A5 /* CatalogueProductsScreenType.swift */,
				B7FF11C029910A61002818A5 /* CatalogueProductsScreenViewModel.swift */,
			);
			path = CatalogueProducts;
			sourceTree = "<group>";
		};
		B7FF11C4299112DE002818A5 /* Cart */ = {
			isa = PBXGroup;
			children = (
				B7FF11C2299112D2002818A5 /* CartItem.swift */,
				B7FF11C829916514002818A5 /* CheckoutItem.swift */,
			);
			path = Cart;
			sourceTree = "<group>";
		};
		B7FF11C729911864002818A5 /* Cart */ = {
			isa = PBXGroup;
			children = (
				B7FF11C52991185F002818A5 /* CartItemTests.swift */,
			);
			path = Cart;
			sourceTree = "<group>";
		};
		B7FF11CC29916BD7002818A5 /* Checkout */ = {
			isa = PBXGroup;
			children = (
				B7FF11CA29916BD2002818A5 /* CheckoutViewModelType.swift */,
				B7FF11CD29916C82002818A5 /* CheckoutViewModel.swift */,
			);
			path = Checkout;
			sourceTree = "<group>";
		};
		B7FF11D329929DB2002818A5 /* Screens */ = {
			isa = PBXGroup;
			children = (
				B77A2D592987F380006FF457 /* CatalogueView.swift */,
				B7868053298C0749003819CA /* CatalogueProductsView.swift */,
				B76DAF9A298AAB9E003C4099 /* CatalogueErrorView.swift */,
				B76DAF96298A98EF003C4099 /* CatalogueLoadingView.swift */,
			);
			path = Screens;
			sourceTree = "<group>";
		};
		B7FF11D82992A80B002818A5 /* OrderCompletion */ = {
			isa = PBXGroup;
			children = (
				B7FF11D429929DE6002818A5 /* OrderCompletedView.swift */,
			);
			path = OrderCompletion;
			sourceTree = "<group>";
		};
		B7FF11DD2992AA19002818A5 /* OrderCompletion */ = {
			isa = PBXGroup;
			children = (
				B7FF11DB2992AA0D002818A5 /* OrderCompletedType.swift */,
				B7FF11D92992A9FD002818A5 /* OrderCompletedViewModel.swift */,
			);
			path = OrderCompletion;
			sourceTree = "<group>";
		};
		B7FF11E12992B0FD002818A5 /* OrderCompletion */ = {
			isa = PBXGroup;
			children = (
				B7FF11DE2992AAE9002818A5 /* OrderEmpjiType.swift */,
			);
			path = OrderCompletion;
			sourceTree = "<group>";
		};
		B7FF11E42992B3A7002818A5 /* OrderCompletion */ = {
			isa = PBXGroup;
			children = (
				B7FF11E22992B134002818A5 /* OrderEmojiTypeTests.swift */,
			);
			path = OrderCompletion;
			sourceTree = "<group>";
		};
		B7FF11E52992B3E0002818A5 /* Catalogue */ = {
			isa = PBXGroup;
			children = (
				B76DAF86298972B2003C4099 /* CatalogueScreenViewModelTests.swift */,
				B7FF11CF299278E3002818A5 /* CatalogueProductsScreenViewModelTests.swift */,
			);
			path = Catalogue;
			sourceTree = "<group>";
		};
		B7FF11E62992B3EB002818A5 /* ProductRow */ = {
			isa = PBXGroup;
			children = (
				B7868066298C2F96003819CA /* ProductRowViewModelTests.swift */,
			);
			path = ProductRow;
			sourceTree = "<group>";
		};
		B7FF11E72992B3F7002818A5 /* Checkout */ = {
			isa = PBXGroup;
			children = (
				B7FF11D12992805C002818A5 /* CheckoutViewModelTests.swift */,
			);
			path = Checkout;
			sourceTree = "<group>";
		};
		B7FF11EA2992B4A9002818A5 /* OrderCompletion */ = {
			isa = PBXGroup;
			children = (
				B7FF11E82992B4A3002818A5 /* OrderCompletedViewModelTests.swift */,
			);
			path = OrderCompletion;
			sourceTree = "<group>";
		};
		B7FF11EB2992BA0B002818A5 /* Screens */ = {
			isa = PBXGroup;
			children = (
				B7419744298AE10B004F38F9 /* CatalogueErrorViewSnapshotTests.swift */,
				B7419757298BC8B8004F38F9 /* CatalogueLoadingViewSnapshotTests.swift */,
			);
			path = Screens;
			sourceTree = "<group>";
		};
		B7FF11EE2993C059002818A5 /* Snapshotable */ = {
			isa = PBXGroup;
			children = (
				B7FF11EC2992CB99002818A5 /* Snapshotable.swift */,
			);
			path = Snapshotable;
			sourceTree = "<group>";
		};
		B7FF11F12993D385002818A5 /* Views */ = {
			isa = PBXGroup;
			children = (
				B7FF11EF2993D37E002818A5 /* CheckoutViewSnapshotTests.swift */,
			);
			path = Views;
			sourceTree = "<group>";
		};
		B7FF11F42993D621002818A5 /* OrderCompleted */ = {
			isa = PBXGroup;
			children = (
				B7FF11F22993D61C002818A5 /* OrderCompletedScreenSnapshotTests.swift */,
			);
			path = OrderCompleted;
			sourceTree = "<group>";
		};
/* End PBXGroup section */

/* Begin PBXNativeTarget section */
		B77A2D532987F380006FF457 /* CabifyChallenge */ = {
			isa = PBXNativeTarget;
			buildConfigurationList = B77A2D782987F382006FF457 /* Build configuration list for PBXNativeTarget "CabifyChallenge" */;
			buildPhases = (
				B77A2D502987F380006FF457 /* Sources */,
				B77A2D512987F380006FF457 /* Frameworks */,
				B77A2D522987F380006FF457 /* Resources */,
			);
			buildRules = (
			);
			dependencies = (
			);
			name = CabifyChallenge;
			packageProductDependencies = (
			);
			productName = CabifyChallenge;
			productReference = B77A2D542987F380006FF457 /* CabifyChallenge.app */;
			productType = "com.apple.product-type.application";
		};
		B77A2D632987F382006FF457 /* CabifyChallengeTests */ = {
			isa = PBXNativeTarget;
			buildConfigurationList = B77A2D7B2987F382006FF457 /* Build configuration list for PBXNativeTarget "CabifyChallengeTests" */;
			buildPhases = (
				B77A2D602987F382006FF457 /* Sources */,
				B77A2D612987F382006FF457 /* Frameworks */,
				B77A2D622987F382006FF457 /* Resources */,
			);
			buildRules = (
			);
			dependencies = (
				B77A2D662987F382006FF457 /* PBXTargetDependency */,
			);
			name = CabifyChallengeTests;
			packageProductDependencies = (
				B7419748298AE440004F38F9 /* SnapshotTesting */,
			);
			productName = CabifyChallengeTests;
			productReference = B77A2D642987F382006FF457 /* CabifyChallengeTests.xctest */;
			productType = "com.apple.product-type.bundle.unit-test";
		};
		B77A2D6D2987F382006FF457 /* CabifyChallengeUITests */ = {
			isa = PBXNativeTarget;
			buildConfigurationList = B77A2D7E2987F382006FF457 /* Build configuration list for PBXNativeTarget "CabifyChallengeUITests" */;
			buildPhases = (
				B77A2D6A2987F382006FF457 /* Sources */,
				B77A2D6B2987F382006FF457 /* Frameworks */,
				B77A2D6C2987F382006FF457 /* Resources */,
			);
			buildRules = (
			);
			dependencies = (
				B77A2D702987F382006FF457 /* PBXTargetDependency */,
			);
			name = CabifyChallengeUITests;
			productName = CabifyChallengeUITests;
			productReference = B77A2D6E2987F382006FF457 /* CabifyChallengeUITests.xctest */;
			productType = "com.apple.product-type.bundle.ui-testing";
		};
/* End PBXNativeTarget section */

/* Begin PBXProject section */
		B77A2D4C2987F380006FF457 /* Project object */ = {
			isa = PBXProject;
			attributes = {
				BuildIndependentTargetsInParallel = 1;
				LastSwiftUpdateCheck = 1420;
				LastUpgradeCheck = 1420;
				TargetAttributes = {
					B77A2D532987F380006FF457 = {
						CreatedOnToolsVersion = 14.2;
					};
					B77A2D632987F382006FF457 = {
						CreatedOnToolsVersion = 14.2;
						TestTargetID = B77A2D532987F380006FF457;
					};
					B77A2D6D2987F382006FF457 = {
						CreatedOnToolsVersion = 14.2;
						TestTargetID = B77A2D532987F380006FF457;
					};
				};
			};
			buildConfigurationList = B77A2D4F2987F380006FF457 /* Build configuration list for PBXProject "CabifyChallenge" */;
			compatibilityVersion = "Xcode 14.0";
			developmentRegion = en;
			hasScannedForEncodings = 0;
			knownRegions = (
				en,
				Base,
			);
			mainGroup = B77A2D4B2987F380006FF457;
			packageReferences = (
				B7419747298AE440004F38F9 /* XCRemoteSwiftPackageReference "swift-snapshot-testing" */,
			);
			productRefGroup = B77A2D552987F380006FF457 /* Products */;
			projectDirPath = "";
			projectRoot = "";
			targets = (
				B77A2D532987F380006FF457 /* CabifyChallenge */,
				B77A2D632987F382006FF457 /* CabifyChallengeTests */,
				B77A2D6D2987F382006FF457 /* CabifyChallengeUITests */,
			);
		};
/* End PBXProject section */

/* Begin PBXResourcesBuildPhase section */
		B77A2D522987F380006FF457 /* Resources */ = {
			isa = PBXResourcesBuildPhase;
			buildActionMask = 2147483647;
			files = (
				B76DAF822989700E003C4099 /* Localizable.strings in Resources */,
				B77A2D5C2987F381006FF457 /* Assets.xcassets in Resources */,
			);
			runOnlyForDeploymentPostprocessing = 0;
		};
		B77A2D622987F382006FF457 /* Resources */ = {
			isa = PBXResourcesBuildPhase;
			buildActionMask = 2147483647;
			files = (
			);
			runOnlyForDeploymentPostprocessing = 0;
		};
		B77A2D6C2987F382006FF457 /* Resources */ = {
			isa = PBXResourcesBuildPhase;
			buildActionMask = 2147483647;
			files = (
			);
			runOnlyForDeploymentPostprocessing = 0;
		};
/* End PBXResourcesBuildPhase section */

/* Begin PBXSourcesBuildPhase section */
		B77A2D502987F380006FF457 /* Sources */ = {
			isa = PBXSourcesBuildPhase;
			buildActionMask = 2147483647;
			files = (
				B7FF11DC2992AA0D002818A5 /* OrderCompletedType.swift in Sources */,
				B76DAF95298A980E003C4099 /* Color+Ex.swift in Sources */,
				B76DAF7729891FC5003C4099 /* NetworkService.swift in Sources */,
				B76DAF8029896513003C4099 /* NetworkError.swift in Sources */,
				B786D0EF298FDCAA001E1F39 /* DiscountResult.swift in Sources */,
				B76DAF7B2989374A003C4099 /* CatalogueModel.swift in Sources */,
				B7FF11D529929DE6002818A5 /* OrderCompletedView.swift in Sources */,
				B76DAF8A29897496003C4099 /* CatalogueScreenType.swift in Sources */,
				B7FF11CB29916BD2002818A5 /* CheckoutViewModelType.swift in Sources */,
				B7868056298C08BD003819CA /* MocksFactory.swift in Sources */,
				B741974F298AF0A4004F38F9 /* AnimatableOpacityContainerView.swift in Sources */,
				B7868054298C0749003819CA /* CatalogueProductsView.swift in Sources */,
				B7FF11DF2992AAE9002818A5 /* OrderEmpjiType.swift in Sources */,
				B76DAF97298A98EF003C4099 /* CatalogueLoadingView.swift in Sources */,
				B786D0F1298FDCC9001E1F39 /* DiscountService.swift in Sources */,
				B7868060298C2E93003819CA /* ProductRowViewModel.swift in Sources */,
				B77A2D5A2987F380006FF457 /* CatalogueView.swift in Sources */,
				B7FF11C3299112D2002818A5 /* CartItem.swift in Sources */,
				B7868083298D755C003819CA /* CheckoutView.swift in Sources */,
				B76DAF9B298AAB9E003C4099 /* CatalogueErrorView.swift in Sources */,
				B76DAF9D298AB62B003C4099 /* MockNetworkService.swift in Sources */,
				B786805B298C1520003819CA /* ProductRow.swift in Sources */,
				B7FF11C129910A61002818A5 /* CatalogueProductsScreenViewModel.swift in Sources */,
				B786807A298D6E68003819CA /* CheckoutServiceType.swift in Sources */,
				B7FF11D72992A25C002818A5 /* PrimaryButton.swift in Sources */,
				B7868081298D717F003819CA /* CheckoutService.swift in Sources */,
				B76DAF7529891E37003C4099 /* DataServiceProtocol.swift in Sources */,
				B7FF11C929916514002818A5 /* CheckoutItem.swift in Sources */,
				B76DAF92298A95F1003C4099 /* ViewModelsFactory.swift in Sources */,
				B7868063298C2EB4003819CA /* ProductRowType.swift in Sources */,
				B76DAF8D29897657003C4099 /* CatalogueScreenViewModel.swift in Sources */,
				B786D0ED298FDC8F001E1F39 /* Discountable.swift in Sources */,
				B786D0F3298FDEB9001E1F39 /* DiscountType.swift in Sources */,
				B7FF11DA2992A9FD002818A5 /* OrderCompletedViewModel.swift in Sources */,
				B76DAF99298A9F73003C4099 /* LoadingIndicator.swift in Sources */,
				B77A2D822987F3A4006FF457 /* ProductModel.swift in Sources */,
				B7FF11BE29910988002818A5 /* CatalogueProductsScreenType.swift in Sources */,
				B7868071298D525D003819CA /* SpecialOfferBadgeView.swift in Sources */,
				B76DAF85298970CB003C4099 /* Localization.swift in Sources */,
				B7868069298D23AC003819CA /* CartControl.swift in Sources */,
				B786806F298D4B1E003819CA /* PriceFormatter.swift in Sources */,
				B7FF11CE29916C82002818A5 /* CheckoutViewModel.swift in Sources */,
				B77A2D582987F380006FF457 /* CabifyChallengeApp.swift in Sources */,
			);
			runOnlyForDeploymentPostprocessing = 0;
		};
		B77A2D602987F382006FF457 /* Sources */ = {
			isa = PBXSourcesBuildPhase;
			buildActionMask = 2147483647;
			files = (
				B7FF11F02993D37E002818A5 /* CheckoutViewSnapshotTests.swift in Sources */,
				B7868073298D5428003819CA /* SpecialOfferBadgeViewSnapshotTests.swift in Sources */,
				B76DAF79298934C1003C4099 /* CatalogModelTests.swift in Sources */,
				B7868052298C04BD003819CA /* NetworkErrorTests.swift in Sources */,
				B7FF11D0299278E3002818A5 /* CatalogueProductsScreenViewModelTests.swift in Sources */,
				B7FF11E32992B134002818A5 /* OrderEmojiTypeTests.swift in Sources */,
				B786D0E9298EACB5001E1F39 /* DiscountTypeTests.swift in Sources */,
				B7868067298C2F96003819CA /* ProductRowViewModelTests.swift in Sources */,
				B7419758298BC8B8004F38F9 /* CatalogueLoadingViewSnapshotTests.swift in Sources */,
				B76DAF6F29891D0D003C4099 /* NetworkServiceTests.swift in Sources */,
				B786806C298D387E003819CA /* CartControlSnapshotTests.swift in Sources */,
				B7FF11ED2992CB99002818A5 /* Snapshotable.swift in Sources */,
				B7419756298BC005004F38F9 /* LoaderSnapshotTests.swift in Sources */,
				B7FF11F32993D61C002818A5 /* OrderCompletedScreenSnapshotTests.swift in Sources */,
				B786807E298D6FDB003819CA /* CheckoutServiceTests.swift in Sources */,
				B7FF11C62991185F002818A5 /* CartItemTests.swift in Sources */,
				B786D0F5298FE24A001E1F39 /* DiscountServiceTests.swift in Sources */,
				B76DAF87298972B2003C4099 /* CatalogueScreenViewModelTests.swift in Sources */,
				B7FF11D22992805C002818A5 /* CheckoutViewModelTests.swift in Sources */,
				B7419745298AE10B004F38F9 /* CatalogueErrorViewSnapshotTests.swift in Sources */,
				B7FF11E92992B4A3002818A5 /* OrderCompletedViewModelTests.swift in Sources */,
				B77A2D692987F382006FF457 /* ProductModelTests.swift in Sources */,
				B7FF11BB29900BC3002818A5 /* ProductRowsSnapshotTests.swift in Sources */,
			);
			runOnlyForDeploymentPostprocessing = 0;
		};
		B77A2D6A2987F382006FF457 /* Sources */ = {
			isa = PBXSourcesBuildPhase;
			buildActionMask = 2147483647;
			files = (
				B77A2D752987F382006FF457 /* CabifyChallengeUITestsLaunchTests.swift in Sources */,
				B77A2D732987F382006FF457 /* CabifyChallengeUITests.swift in Sources */,
			);
			runOnlyForDeploymentPostprocessing = 0;
		};
/* End PBXSourcesBuildPhase section */

/* Begin PBXTargetDependency section */
		B77A2D662987F382006FF457 /* PBXTargetDependency */ = {
			isa = PBXTargetDependency;
			target = B77A2D532987F380006FF457 /* CabifyChallenge */;
			targetProxy = B77A2D652987F382006FF457 /* PBXContainerItemProxy */;
		};
		B77A2D702987F382006FF457 /* PBXTargetDependency */ = {
			isa = PBXTargetDependency;
			target = B77A2D532987F380006FF457 /* CabifyChallenge */;
			targetProxy = B77A2D6F2987F382006FF457 /* PBXContainerItemProxy */;
		};
/* End PBXTargetDependency section */

/* Begin XCBuildConfiguration section */
		B77A2D762987F382006FF457 /* Debug */ = {
			isa = XCBuildConfiguration;
			buildSettings = {
				ALWAYS_SEARCH_USER_PATHS = NO;
				CLANG_ANALYZER_NONNULL = YES;
				CLANG_ANALYZER_NUMBER_OBJECT_CONVERSION = YES_AGGRESSIVE;
				CLANG_CXX_LANGUAGE_STANDARD = "gnu++20";
				CLANG_ENABLE_MODULES = YES;
				CLANG_ENABLE_OBJC_ARC = YES;
				CLANG_ENABLE_OBJC_WEAK = YES;
				CLANG_WARN_BLOCK_CAPTURE_AUTORELEASING = YES;
				CLANG_WARN_BOOL_CONVERSION = YES;
				CLANG_WARN_COMMA = YES;
				CLANG_WARN_CONSTANT_CONVERSION = YES;
				CLANG_WARN_DEPRECATED_OBJC_IMPLEMENTATIONS = YES;
				CLANG_WARN_DIRECT_OBJC_ISA_USAGE = YES_ERROR;
				CLANG_WARN_DOCUMENTATION_COMMENTS = YES;
				CLANG_WARN_EMPTY_BODY = YES;
				CLANG_WARN_ENUM_CONVERSION = YES;
				CLANG_WARN_INFINITE_RECURSION = YES;
				CLANG_WARN_INT_CONVERSION = YES;
				CLANG_WARN_NON_LITERAL_NULL_CONVERSION = YES;
				CLANG_WARN_OBJC_IMPLICIT_RETAIN_SELF = YES;
				CLANG_WARN_OBJC_LITERAL_CONVERSION = YES;
				CLANG_WARN_OBJC_ROOT_CLASS = YES_ERROR;
				CLANG_WARN_QUOTED_INCLUDE_IN_FRAMEWORK_HEADER = YES;
				CLANG_WARN_RANGE_LOOP_ANALYSIS = YES;
				CLANG_WARN_STRICT_PROTOTYPES = YES;
				CLANG_WARN_SUSPICIOUS_MOVE = YES;
				CLANG_WARN_UNGUARDED_AVAILABILITY = YES_AGGRESSIVE;
				CLANG_WARN_UNREACHABLE_CODE = YES;
				CLANG_WARN__DUPLICATE_METHOD_MATCH = YES;
				COPY_PHASE_STRIP = NO;
				DEBUG_INFORMATION_FORMAT = dwarf;
				ENABLE_STRICT_OBJC_MSGSEND = YES;
				ENABLE_TESTABILITY = YES;
				GCC_C_LANGUAGE_STANDARD = gnu11;
				GCC_DYNAMIC_NO_PIC = NO;
				GCC_NO_COMMON_BLOCKS = YES;
				GCC_OPTIMIZATION_LEVEL = 0;
				GCC_PREPROCESSOR_DEFINITIONS = (
					"DEBUG=1",
					"$(inherited)",
				);
				GCC_WARN_64_TO_32_BIT_CONVERSION = YES;
				GCC_WARN_ABOUT_RETURN_TYPE = YES_ERROR;
				GCC_WARN_UNDECLARED_SELECTOR = YES;
				GCC_WARN_UNINITIALIZED_AUTOS = YES_AGGRESSIVE;
				GCC_WARN_UNUSED_FUNCTION = YES;
				GCC_WARN_UNUSED_VARIABLE = YES;
				IPHONEOS_DEPLOYMENT_TARGET = 16.2;
				MTL_ENABLE_DEBUG_INFO = INCLUDE_SOURCE;
				MTL_FAST_MATH = YES;
				ONLY_ACTIVE_ARCH = YES;
				SDKROOT = iphoneos;
				SWIFT_ACTIVE_COMPILATION_CONDITIONS = DEBUG;
				SWIFT_OPTIMIZATION_LEVEL = "-Onone";
			};
			name = Debug;
		};
		B77A2D772987F382006FF457 /* Release */ = {
			isa = XCBuildConfiguration;
			buildSettings = {
				ALWAYS_SEARCH_USER_PATHS = NO;
				CLANG_ANALYZER_NONNULL = YES;
				CLANG_ANALYZER_NUMBER_OBJECT_CONVERSION = YES_AGGRESSIVE;
				CLANG_CXX_LANGUAGE_STANDARD = "gnu++20";
				CLANG_ENABLE_MODULES = YES;
				CLANG_ENABLE_OBJC_ARC = YES;
				CLANG_ENABLE_OBJC_WEAK = YES;
				CLANG_WARN_BLOCK_CAPTURE_AUTORELEASING = YES;
				CLANG_WARN_BOOL_CONVERSION = YES;
				CLANG_WARN_COMMA = YES;
				CLANG_WARN_CONSTANT_CONVERSION = YES;
				CLANG_WARN_DEPRECATED_OBJC_IMPLEMENTATIONS = YES;
				CLANG_WARN_DIRECT_OBJC_ISA_USAGE = YES_ERROR;
				CLANG_WARN_DOCUMENTATION_COMMENTS = YES;
				CLANG_WARN_EMPTY_BODY = YES;
				CLANG_WARN_ENUM_CONVERSION = YES;
				CLANG_WARN_INFINITE_RECURSION = YES;
				CLANG_WARN_INT_CONVERSION = YES;
				CLANG_WARN_NON_LITERAL_NULL_CONVERSION = YES;
				CLANG_WARN_OBJC_IMPLICIT_RETAIN_SELF = YES;
				CLANG_WARN_OBJC_LITERAL_CONVERSION = YES;
				CLANG_WARN_OBJC_ROOT_CLASS = YES_ERROR;
				CLANG_WARN_QUOTED_INCLUDE_IN_FRAMEWORK_HEADER = YES;
				CLANG_WARN_RANGE_LOOP_ANALYSIS = YES;
				CLANG_WARN_STRICT_PROTOTYPES = YES;
				CLANG_WARN_SUSPICIOUS_MOVE = YES;
				CLANG_WARN_UNGUARDED_AVAILABILITY = YES_AGGRESSIVE;
				CLANG_WARN_UNREACHABLE_CODE = YES;
				CLANG_WARN__DUPLICATE_METHOD_MATCH = YES;
				COPY_PHASE_STRIP = NO;
				DEBUG_INFORMATION_FORMAT = "dwarf-with-dsym";
				ENABLE_NS_ASSERTIONS = NO;
				ENABLE_STRICT_OBJC_MSGSEND = YES;
				GCC_C_LANGUAGE_STANDARD = gnu11;
				GCC_NO_COMMON_BLOCKS = YES;
				GCC_WARN_64_TO_32_BIT_CONVERSION = YES;
				GCC_WARN_ABOUT_RETURN_TYPE = YES_ERROR;
				GCC_WARN_UNDECLARED_SELECTOR = YES;
				GCC_WARN_UNINITIALIZED_AUTOS = YES_AGGRESSIVE;
				GCC_WARN_UNUSED_FUNCTION = YES;
				GCC_WARN_UNUSED_VARIABLE = YES;
				IPHONEOS_DEPLOYMENT_TARGET = 16.2;
				MTL_ENABLE_DEBUG_INFO = NO;
				MTL_FAST_MATH = YES;
				SDKROOT = iphoneos;
				SWIFT_COMPILATION_MODE = wholemodule;
				SWIFT_OPTIMIZATION_LEVEL = "-O";
				VALIDATE_PRODUCT = YES;
			};
			name = Release;
		};
		B77A2D792987F382006FF457 /* Debug */ = {
			isa = XCBuildConfiguration;
			buildSettings = {
				ASSETCATALOG_COMPILER_APPICON_NAME = AppIcon;
				ASSETCATALOG_COMPILER_GLOBAL_ACCENT_COLOR_NAME = AccentColor;
				CODE_SIGN_STYLE = Automatic;
				CURRENT_PROJECT_VERSION = 1;
				DEVELOPMENT_TEAM = SNQA8CHVSM;
				ENABLE_PREVIEWS = YES;
				GENERATE_INFOPLIST_FILE = YES;
				INFOPLIST_KEY_UIApplicationSceneManifest_Generation = YES;
				INFOPLIST_KEY_UIApplicationSupportsIndirectInputEvents = YES;
				INFOPLIST_KEY_UILaunchScreen_Generation = YES;
				INFOPLIST_KEY_UISupportedInterfaceOrientations = UIInterfaceOrientationPortrait;
				INFOPLIST_KEY_UISupportedInterfaceOrientations_iPad = "UIInterfaceOrientationLandscapeLeft UIInterfaceOrientationLandscapeRight UIInterfaceOrientationPortrait UIInterfaceOrientationPortraitUpsideDown";
				IPHONEOS_DEPLOYMENT_TARGET = 16.0;
				LD_RUNPATH_SEARCH_PATHS = (
					"$(inherited)",
					"@executable_path/Frameworks",
				);
				MARKETING_VERSION = 1.0;
				PRODUCT_BUNDLE_IDENTIFIER = AH.CabifyChallenge;
				PRODUCT_NAME = "$(TARGET_NAME)";
				SUPPORTED_PLATFORMS = "iphoneos iphonesimulator";
				SUPPORTS_MACCATALYST = NO;
				SUPPORTS_MAC_DESIGNED_FOR_IPHONE_IPAD = NO;
				SWIFT_EMIT_LOC_STRINGS = YES;
				SWIFT_VERSION = 5.0;
				TARGETED_DEVICE_FAMILY = 1;
			};
			name = Debug;
		};
		B77A2D7A2987F382006FF457 /* Release */ = {
			isa = XCBuildConfiguration;
			buildSettings = {
				ASSETCATALOG_COMPILER_APPICON_NAME = AppIcon;
				ASSETCATALOG_COMPILER_GLOBAL_ACCENT_COLOR_NAME = AccentColor;
				CODE_SIGN_STYLE = Automatic;
				CURRENT_PROJECT_VERSION = 1;
				DEVELOPMENT_TEAM = SNQA8CHVSM;
				ENABLE_PREVIEWS = YES;
				GENERATE_INFOPLIST_FILE = YES;
				INFOPLIST_KEY_UIApplicationSceneManifest_Generation = YES;
				INFOPLIST_KEY_UIApplicationSupportsIndirectInputEvents = YES;
				INFOPLIST_KEY_UILaunchScreen_Generation = YES;
				INFOPLIST_KEY_UISupportedInterfaceOrientations = UIInterfaceOrientationPortrait;
				INFOPLIST_KEY_UISupportedInterfaceOrientations_iPad = "UIInterfaceOrientationLandscapeLeft UIInterfaceOrientationLandscapeRight UIInterfaceOrientationPortrait UIInterfaceOrientationPortraitUpsideDown";
				IPHONEOS_DEPLOYMENT_TARGET = 16.0;
				LD_RUNPATH_SEARCH_PATHS = (
					"$(inherited)",
					"@executable_path/Frameworks",
				);
				MARKETING_VERSION = 1.0;
				PRODUCT_BUNDLE_IDENTIFIER = AH.CabifyChallenge;
				PRODUCT_NAME = "$(TARGET_NAME)";
				SUPPORTED_PLATFORMS = "iphoneos iphonesimulator";
				SUPPORTS_MACCATALYST = NO;
				SUPPORTS_MAC_DESIGNED_FOR_IPHONE_IPAD = NO;
				SWIFT_EMIT_LOC_STRINGS = YES;
				SWIFT_VERSION = 5.0;
				TARGETED_DEVICE_FAMILY = 1;
			};
			name = Release;
		};
		B77A2D7C2987F382006FF457 /* Debug */ = {
			isa = XCBuildConfiguration;
			buildSettings = {
				ALWAYS_EMBED_SWIFT_STANDARD_LIBRARIES = YES;
				BUNDLE_LOADER = "$(TEST_HOST)";
				CODE_SIGN_STYLE = Automatic;
				CURRENT_PROJECT_VERSION = 1;
				DEVELOPMENT_TEAM = SNQA8CHVSM;
				GENERATE_INFOPLIST_FILE = YES;
				IPHONEOS_DEPLOYMENT_TARGET = 16.0;
				MARKETING_VERSION = 1.0;
				PRODUCT_BUNDLE_IDENTIFIER = AH.CabifyChallengeTests;
				PRODUCT_NAME = "$(TARGET_NAME)";
				SUPPORTED_PLATFORMS = "iphoneos iphonesimulator";
				SUPPORTS_MACCATALYST = NO;
				SUPPORTS_MAC_DESIGNED_FOR_IPHONE_IPAD = NO;
				SWIFT_EMIT_LOC_STRINGS = NO;
				SWIFT_VERSION = 5.0;
				TARGETED_DEVICE_FAMILY = 1;
				TEST_HOST = "$(BUILT_PRODUCTS_DIR)/CabifyChallenge.app/$(BUNDLE_EXECUTABLE_FOLDER_PATH)/CabifyChallenge";
			};
			name = Debug;
		};
		B77A2D7D2987F382006FF457 /* Release */ = {
			isa = XCBuildConfiguration;
			buildSettings = {
				ALWAYS_EMBED_SWIFT_STANDARD_LIBRARIES = YES;
				BUNDLE_LOADER = "$(TEST_HOST)";
				CODE_SIGN_STYLE = Automatic;
				CURRENT_PROJECT_VERSION = 1;
				DEVELOPMENT_TEAM = SNQA8CHVSM;
				GENERATE_INFOPLIST_FILE = YES;
				IPHONEOS_DEPLOYMENT_TARGET = 16.0;
				MARKETING_VERSION = 1.0;
				PRODUCT_BUNDLE_IDENTIFIER = AH.CabifyChallengeTests;
				PRODUCT_NAME = "$(TARGET_NAME)";
				SUPPORTED_PLATFORMS = "iphoneos iphonesimulator";
				SUPPORTS_MACCATALYST = NO;
				SUPPORTS_MAC_DESIGNED_FOR_IPHONE_IPAD = NO;
				SWIFT_EMIT_LOC_STRINGS = NO;
				SWIFT_VERSION = 5.0;
				TARGETED_DEVICE_FAMILY = 1;
				TEST_HOST = "$(BUILT_PRODUCTS_DIR)/CabifyChallenge.app/$(BUNDLE_EXECUTABLE_FOLDER_PATH)/CabifyChallenge";
			};
			name = Release;
		};
		B77A2D7F2987F382006FF457 /* Debug */ = {
			isa = XCBuildConfiguration;
			buildSettings = {
				ALWAYS_EMBED_SWIFT_STANDARD_LIBRARIES = YES;
				CODE_SIGN_STYLE = Automatic;
				CURRENT_PROJECT_VERSION = 1;
				DEVELOPMENT_TEAM = SNQA8CHVSM;
				GENERATE_INFOPLIST_FILE = YES;
				IPHONEOS_DEPLOYMENT_TARGET = 16.0;
				MARKETING_VERSION = 1.0;
				PRODUCT_BUNDLE_IDENTIFIER = AH.CabifyChallengeUITests;
				PRODUCT_NAME = "$(TARGET_NAME)";
				SUPPORTED_PLATFORMS = "iphoneos iphonesimulator";
				SUPPORTS_MACCATALYST = NO;
				SUPPORTS_MAC_DESIGNED_FOR_IPHONE_IPAD = NO;
				SWIFT_EMIT_LOC_STRINGS = NO;
				SWIFT_VERSION = 5.0;
				TARGETED_DEVICE_FAMILY = 1;
				TEST_TARGET_NAME = CabifyChallenge;
			};
			name = Debug;
		};
		B77A2D802987F382006FF457 /* Release */ = {
			isa = XCBuildConfiguration;
			buildSettings = {
				ALWAYS_EMBED_SWIFT_STANDARD_LIBRARIES = YES;
				CODE_SIGN_STYLE = Automatic;
				CURRENT_PROJECT_VERSION = 1;
				DEVELOPMENT_TEAM = SNQA8CHVSM;
				GENERATE_INFOPLIST_FILE = YES;
				IPHONEOS_DEPLOYMENT_TARGET = 16.0;
				MARKETING_VERSION = 1.0;
				PRODUCT_BUNDLE_IDENTIFIER = AH.CabifyChallengeUITests;
				PRODUCT_NAME = "$(TARGET_NAME)";
				SUPPORTED_PLATFORMS = "iphoneos iphonesimulator";
				SUPPORTS_MACCATALYST = NO;
				SUPPORTS_MAC_DESIGNED_FOR_IPHONE_IPAD = NO;
				SWIFT_EMIT_LOC_STRINGS = NO;
				SWIFT_VERSION = 5.0;
				TARGETED_DEVICE_FAMILY = 1;
				TEST_TARGET_NAME = CabifyChallenge;
			};
			name = Release;
		};
/* End XCBuildConfiguration section */

/* Begin XCConfigurationList section */
		B77A2D4F2987F380006FF457 /* Build configuration list for PBXProject "CabifyChallenge" */ = {
			isa = XCConfigurationList;
			buildConfigurations = (
				B77A2D762987F382006FF457 /* Debug */,
				B77A2D772987F382006FF457 /* Release */,
			);
			defaultConfigurationIsVisible = 0;
			defaultConfigurationName = Release;
		};
		B77A2D782987F382006FF457 /* Build configuration list for PBXNativeTarget "CabifyChallenge" */ = {
			isa = XCConfigurationList;
			buildConfigurations = (
				B77A2D792987F382006FF457 /* Debug */,
				B77A2D7A2987F382006FF457 /* Release */,
			);
			defaultConfigurationIsVisible = 0;
			defaultConfigurationName = Release;
		};
		B77A2D7B2987F382006FF457 /* Build configuration list for PBXNativeTarget "CabifyChallengeTests" */ = {
			isa = XCConfigurationList;
			buildConfigurations = (
				B77A2D7C2987F382006FF457 /* Debug */,
				B77A2D7D2987F382006FF457 /* Release */,
			);
			defaultConfigurationIsVisible = 0;
			defaultConfigurationName = Release;
		};
		B77A2D7E2987F382006FF457 /* Build configuration list for PBXNativeTarget "CabifyChallengeUITests" */ = {
			isa = XCConfigurationList;
			buildConfigurations = (
				B77A2D7F2987F382006FF457 /* Debug */,
				B77A2D802987F382006FF457 /* Release */,
			);
			defaultConfigurationIsVisible = 0;
			defaultConfigurationName = Release;
		};
/* End XCConfigurationList section */

/* Begin XCRemoteSwiftPackageReference section */
		B7419747298AE440004F38F9 /* XCRemoteSwiftPackageReference "swift-snapshot-testing" */ = {
			isa = XCRemoteSwiftPackageReference;
			repositoryURL = "https://github.com/pointfreeco/swift-snapshot-testing";
			requirement = {
				branch = main;
				kind = branch;
			};
		};
/* End XCRemoteSwiftPackageReference section */

/* Begin XCSwiftPackageProductDependency section */
		B7419748298AE440004F38F9 /* SnapshotTesting */ = {
			isa = XCSwiftPackageProductDependency;
			package = B7419747298AE440004F38F9 /* XCRemoteSwiftPackageReference "swift-snapshot-testing" */;
			productName = SnapshotTesting;
		};
/* End XCSwiftPackageProductDependency section */
	};
	rootObject = B77A2D4C2987F380006FF457 /* Project object */;
}
